
Microsoft Visual Studio Solution File, Format Version 12.00
# Visual Studio Version 16
VisualStudioVersion = 16.0.29503.13
MinimumVisualStudioVersion = 10.0.40219.1
Project("{888888A0-9F3D-457C-B088-3A5042F75D52}") = "3.1.1_threshold", "3.1.1_threshold\3.1.1_threshold.pyproj", "{209118DA-69BE-425B-B45B-6FE898400033}"
EndProject
Global
	GlobalSection(SolutionConfigurationPlatforms) = preSolution
		Debug|Any CPU = Debug|Any CPU
		Release|Any CPU = Release|Any CPU
	EndGlobalSection
	GlobalSection(ProjectConfigurationPlatforms) = postSolution
		{209118DA-69BE-425B-B45B-6FE898400033}.Debug|Any CPU.ActiveCfg = Debug|Any CPU
		{209118DA-69BE-425B-B45B-6FE898400033}.Release|Any CPU.ActiveCfg = Release|Any CPU
	EndGlobalSection
	GlobalSection(SolutionProperties) = preSolution
		HideSolutionNode = FALSE
	EndGlobalSection
	GlobalSection(ExtensibilityGlobals) = postSolution
		SolutionGuid = {6FC4A62D-B41F-42F4-B638-670CB34C15E4}
	EndGlobalSection
EndGlobal
